
Microsoft Visual Studio Solution File, Format Version 12.00
# Visual Studio 14
VisualStudioVersion = 14.0.23107.0
MinimumVisualStudioVersion = 10.0.40219.1
Project("{FAE04EC0-301F-11D3-BF4B-00C04F79EFBC}") = "AlphaOne", "AlphaOne\AlphaOne.csproj", "{4137F08C-CE6F-4993-917F-4B3CBC47AC8E}"
EndProject
Project("{FAE04EC0-301F-11D3-BF4B-00C04F79EFBC}") = "AlphaOne.Tests", "AlphaOne.Tests\AlphaOne.Tests.csproj", "{06A05713-DBE3-468B-8FB6-CE3DEB0C0456}"
EndProject
Global
	GlobalSection(SolutionConfigurationPlatforms) = preSolution
		Debug|Any CPU = Debug|Any CPU
		Release|Any CPU = Release|Any CPU
	EndGlobalSection
	GlobalSection(ProjectConfigurationPlatforms) = postSolution
		{4137F08C-CE6F-4993-917F-4B3CBC47AC8E}.Debug|Any CPU.ActiveCfg = Debug|Any CPU
		{4137F08C-CE6F-4993-917F-4B3CBC47AC8E}.Debug|Any CPU.Build.0 = Debug|Any CPU
		{4137F08C-CE6F-4993-917F-4B3CBC47AC8E}.Release|Any CPU.ActiveCfg = Release|Any CPU
		{4137F08C-CE6F-4993-917F-4B3CBC47AC8E}.Release|Any CPU.Build.0 = Release|Any CPU
		{06A05713-DBE3-468B-8FB6-CE3DEB0C0456}.Debug|Any CPU.ActiveCfg = Debug|Any CPU
		{06A05713-DBE3-468B-8FB6-CE3DEB0C0456}.Debug|Any CPU.Build.0 = Debug|Any CPU
		{06A05713-DBE3-468B-8FB6-CE3DEB0C0456}.Release|Any CPU.ActiveCfg = Release|Any CPU
		{06A05713-DBE3-468B-8FB6-CE3DEB0C0456}.Release|Any CPU.Build.0 = Release|Any CPU
	EndGlobalSection
	GlobalSection(SolutionProperties) = preSolution
		HideSolutionNode = FALSE
	EndGlobalSection
EndGlobal
